{
  "name": "Ejercicios-Eloquent-JavaScript",
  "lockfileVersion": 3,
  "requires": true,
  "packages": {
    "": {
      "dependencies": {
        "dijkstrajs": "^1.0.3",
        "ini": "^5.0.0"
      }
    },
    "node_modules/dijkstrajs": {
      "version": "1.0.3",
      "resolved": "https://registry.npmjs.org/dijkstrajs/-/dijkstrajs-1.0.3.tgz",
      "integrity": "sha512-qiSlmBq9+BCdCA/L46dw8Uy93mloxsPSbwnm5yrKn2vMPiy8KyAskTF6zuV/j5BMsmOGZDPs7KjU+mjb670kfA=="
    },
    "node_modules/ini": {
      "version": "5.0.0",
      "resolved": "https://registry.npmjs.org/ini/-/ini-5.0.0.tgz",
      "integrity": "sha512-+N0ngpO3e7cRUWOJAS7qw0IZIVc6XPrW4MlFBdD066F2L4k1L6ker3hLqSq7iXxU5tgS4WGkIUElWn5vogAEnw==",
      "engines": {
        "node": "^18.17.0 || >=20.5.0"
      }
    }
  }
}
